// !$*UTF8*$!
{
	archiveVersion = 1;
	classes = {
	};
	objectVersion = 46;
	objects = {

/* Begin PBXBuildFile section */
		3D0697F91C84FC6500BC23B5 /* AppDelegate.swift in Sources */ = {isa = PBXBuildFile; fileRef = 3D0697F81C84FC6500BC23B5 /* AppDelegate.swift */; };
		3D0697FB1C84FC6500BC23B5 /* ViewController.swift in Sources */ = {isa = PBXBuildFile; fileRef = 3D0697FA1C84FC6500BC23B5 /* ViewController.swift */; };
		3D0697FE1C84FC6500BC23B5 /* Main.storyboard in Resources */ = {isa = PBXBuildFile; fileRef = 3D0697FC1C84FC6500BC23B5 /* Main.storyboard */; };
		3D0698001C84FC6500BC23B5 /* Assets.xcassets in Resources */ = {isa = PBXBuildFile; fileRef = 3D0697FF1C84FC6500BC23B5 /* Assets.xcassets */; };
		3D0698031C84FC6500BC23B5 /* LaunchScreen.storyboard in Resources */ = {isa = PBXBuildFile; fileRef = 3D0698011C84FC6500BC23B5 /* LaunchScreen.storyboard */; };
		3D06980E1C84FC6600BC23B5 /* MusicVideoTests.swift in Sources */ = {isa = PBXBuildFile; fileRef = 3D06980D1C84FC6600BC23B5 /* MusicVideoTests.swift */; };
		3D0698191C84FC6600BC23B5 /* MusicVideoUITests.swift in Sources */ = {isa = PBXBuildFile; fileRef = 3D0698181C84FC6600BC23B5 /* MusicVideoUITests.swift */; };
		3D06982B1C8508FF00BC23B5 /* APIManager.swift in Sources */ = {isa = PBXBuildFile; fileRef = 3D06982A1C8508FF00BC23B5 /* APIManager.swift */; };
		3DE6DA4E1C86341B009797A6 /* Constants.swift in Sources */ = {isa = PBXBuildFile; fileRef = 3DE6DA4D1C86341B009797A6 /* Constants.swift */; };
		3DE6DA521C863A79009797A6 /* Video.swift in Sources */ = {isa = PBXBuildFile; fileRef = 3DE6DA511C863A79009797A6 /* Video.swift */; };
		617921F31C872C5200DE70F3 /* Reachability.m in Sources */ = {isa = PBXBuildFile; fileRef = 617921F21C872C5200DE70F3 /* Reachability.m */; };
/* End PBXBuildFile section */

/* Begin PBXContainerItemProxy section */
		3D06980A1C84FC6600BC23B5 /* PBXContainerItemProxy */ = {
			isa = PBXContainerItemProxy;
			containerPortal = 3D0697ED1C84FC6500BC23B5 /* Project object */;
			proxyType = 1;
			remoteGlobalIDString = 3D0697F41C84FC6500BC23B5;
			remoteInfo = MusicVideo;
		};
		3D0698151C84FC6600BC23B5 /* PBXContainerItemProxy */ = {
			isa = PBXContainerItemProxy;
			containerPortal = 3D0697ED1C84FC6500BC23B5 /* Project object */;
			proxyType = 1;
			remoteGlobalIDString = 3D0697F41C84FC6500BC23B5;
			remoteInfo = MusicVideo;
		};
/* End PBXContainerItemProxy section */

/* Begin PBXFileReference section */
		3D0697F51C84FC6500BC23B5 /* MusicVideo.app */ = {isa = PBXFileReference; explicitFileType = wrapper.application; includeInIndex = 0; path = MusicVideo.app; sourceTree = BUILT_PRODUCTS_DIR; };
		3D0697F81C84FC6500BC23B5 /* AppDelegate.swift */ = {isa = PBXFileReference; lastKnownFileType = sourcecode.swift; path = AppDelegate.swift; sourceTree = "<group>"; };
		3D0697FA1C84FC6500BC23B5 /* ViewController.swift */ = {isa = PBXFileReference; lastKnownFileType = sourcecode.swift; path = ViewController.swift; sourceTree = "<group>"; };
		3D0697FD1C84FC6500BC23B5 /* Base */ = {isa = PBXFileReference; lastKnownFileType = file.storyboard; name = Base; path = Base.lproj/Main.storyboard; sourceTree = "<group>"; };
		3D0697FF1C84FC6500BC23B5 /* Assets.xcassets */ = {isa = PBXFileReference; lastKnownFileType = folder.assetcatalog; path = Assets.xcassets; sourceTree = "<group>"; };
		3D0698021C84FC6500BC23B5 /* Base */ = {isa = PBXFileReference; lastKnownFileType = file.storyboard; name = Base; path = Base.lproj/LaunchScreen.storyboard; sourceTree = "<group>"; };
		3D0698041C84FC6500BC23B5 /* Info.plist */ = {isa = PBXFileReference; lastKnownFileType = text.plist.xml; path = Info.plist; sourceTree = "<group>"; };
		3D0698091C84FC6600BC23B5 /* MusicVideoTests.xctest */ = {isa = PBXFileReference; explicitFileType = wrapper.cfbundle; includeInIndex = 0; path = MusicVideoTests.xctest; sourceTree = BUILT_PRODUCTS_DIR; };
		3D06980D1C84FC6600BC23B5 /* MusicVideoTests.swift */ = {isa = PBXFileReference; lastKnownFileType = sourcecode.swift; path = MusicVideoTests.swift; sourceTree = "<group>"; };
		3D06980F1C84FC6600BC23B5 /* Info.plist */ = {isa = PBXFileReference; lastKnownFileType = text.plist.xml; path = Info.plist; sourceTree = "<group>"; };
		3D0698141C84FC6600BC23B5 /* MusicVideoUITests.xctest */ = {isa = PBXFileReference; explicitFileType = wrapper.cfbundle; includeInIndex = 0; path = MusicVideoUITests.xctest; sourceTree = BUILT_PRODUCTS_DIR; };
		3D0698181C84FC6600BC23B5 /* MusicVideoUITests.swift */ = {isa = PBXFileReference; lastKnownFileType = sourcecode.swift; path = MusicVideoUITests.swift; sourceTree = "<group>"; };
		3D06981A1C84FC6600BC23B5 /* Info.plist */ = {isa = PBXFileReference; lastKnownFileType = text.plist.xml; path = Info.plist; sourceTree = "<group>"; };
		3D06982A1C8508FF00BC23B5 /* APIManager.swift */ = {isa = PBXFileReference; fileEncoding = 4; lastKnownFileType = sourcecode.swift; path = APIManager.swift; sourceTree = "<group>"; };
		3DE6DA4D1C86341B009797A6 /* Constants.swift */ = {isa = PBXFileReference; fileEncoding = 4; lastKnownFileType = sourcecode.swift; path = Constants.swift; sourceTree = "<group>"; };
		3DE6DA511C863A79009797A6 /* Video.swift */ = {isa = PBXFileReference; fileEncoding = 4; lastKnownFileType = sourcecode.swift; path = Video.swift; sourceTree = "<group>"; };
		617921F01C872C5000DE70F3 /* MusicVideo-Bridging-Header.h */ = {isa = PBXFileReference; lastKnownFileType = sourcecode.c.h; path = "MusicVideo-Bridging-Header.h"; sourceTree = "<group>"; };
		617921F11C872C5200DE70F3 /* Reachability.h */ = {isa = PBXFileReference; fileEncoding = 4; lastKnownFileType = sourcecode.c.h; path = Reachability.h; sourceTree = "<group>"; };
		617921F21C872C5200DE70F3 /* Reachability.m */ = {isa = PBXFileReference; fileEncoding = 4; lastKnownFileType = sourcecode.c.objc; path = Reachability.m; sourceTree = "<group>"; };
/* End PBXFileReference section */

/* Begin PBXFrameworksBuildPhase section */
		3D0697F21C84FC6500BC23B5 /* Frameworks */ = {
			isa = PBXFrameworksBuildPhase;
			buildActionMask = 2147483647;
			files = (
			);
			runOnlyForDeploymentPostprocessing = 0;
		};
		3D0698061C84FC6600BC23B5 /* Frameworks */ = {
			isa = PBXFrameworksBuildPhase;
			buildActionMask = 2147483647;
			files = (
			);
			runOnlyForDeploymentPostprocessing = 0;
		};
		3D0698111C84FC6600BC23B5 /* Frameworks */ = {
			isa = PBXFrameworksBuildPhase;
			buildActionMask = 2147483647;
			files = (
			);
			runOnlyForDeploymentPostprocessing = 0;
		};
/* End PBXFrameworksBuildPhase section */

/* Begin PBXGroup section */
		3D0697EC1C84FC6500BC23B5 = {
			isa = PBXGroup;
			children = (
				617921EF1C872BEF00DE70F3 /* Obj-C */,
				3DE6DA4C1C8633FD009797A6 /* Utils */,
				3D0697F71C84FC6500BC23B5 /* MusicVideo */,
				3D06980C1C84FC6600BC23B5 /* MusicVideoTests */,
				3D0698171C84FC6600BC23B5 /* MusicVideoUITests */,
				3D0697F61C84FC6500BC23B5 /* Products */,
			);
			sourceTree = "<group>";
		};
		3D0697F61C84FC6500BC23B5 /* Products */ = {
			isa = PBXGroup;
			children = (
				3D0697F51C84FC6500BC23B5 /* MusicVideo.app */,
				3D0698091C84FC6600BC23B5 /* MusicVideoTests.xctest */,
				3D0698141C84FC6600BC23B5 /* MusicVideoUITests.xctest */,
			);
			name = Products;
			sourceTree = "<group>";
		};
		3D0697F71C84FC6500BC23B5 /* MusicVideo */ = {
			isa = PBXGroup;
			children = (
				3D0698291C84FFA100BC23B5 /* Supporting Files */,
				3D0698261C84FF3E00BC23B5 /* Model */,
				3D0698271C84FF4E00BC23B5 /* View */,
				3D0698281C84FF6A00BC23B5 /* Controller */,
			);
			path = MusicVideo;
			sourceTree = "<group>";
		};
		3D06980C1C84FC6600BC23B5 /* MusicVideoTests */ = {
			isa = PBXGroup;
			children = (
				3D06980D1C84FC6600BC23B5 /* MusicVideoTests.swift */,
				3D06980F1C84FC6600BC23B5 /* Info.plist */,
			);
			path = MusicVideoTests;
			sourceTree = "<group>";
		};
		3D0698171C84FC6600BC23B5 /* MusicVideoUITests */ = {
			isa = PBXGroup;
			children = (
				3D0698181C84FC6600BC23B5 /* MusicVideoUITests.swift */,
				3D06981A1C84FC6600BC23B5 /* Info.plist */,
			);
			path = MusicVideoUITests;
			sourceTree = "<group>";
		};
		3D0698261C84FF3E00BC23B5 /* Model */ = {
			isa = PBXGroup;
			children = (
				3DE6DA511C863A79009797A6 /* Video.swift */,
				3D06982A1C8508FF00BC23B5 /* APIManager.swift */,
			);
			name = Model;
			sourceTree = "<group>";
		};
		3D0698271C84FF4E00BC23B5 /* View */ = {
			isa = PBXGroup;
			children = (
				3D0698011C84FC6500BC23B5 /* LaunchScreen.storyboard */,
				3D0697FC1C84FC6500BC23B5 /* Main.storyboard */,
			);
			name = View;
			sourceTree = "<group>";
		};
		3D0698281C84FF6A00BC23B5 /* Controller */ = {
			isa = PBXGroup;
			children = (
				3D0697FA1C84FC6500BC23B5 /* ViewController.swift */,
			);
			name = Controller;
			sourceTree = "<group>";
		};
		3D0698291C84FFA100BC23B5 /* Supporting Files */ = {
			isa = PBXGroup;
			children = (
				3D0697F81C84FC6500BC23B5 /* AppDelegate.swift */,
				3D0698041C84FC6500BC23B5 /* Info.plist */,
				3D0697FF1C84FC6500BC23B5 /* Assets.xcassets */,
			);
			name = "Supporting Files";
			sourceTree = "<group>";
		};
		3DE6DA4C1C8633FD009797A6 /* Utils */ = {
			isa = PBXGroup;
			children = (
				3DE6DA4D1C86341B009797A6 /* Constants.swift */,
			);
			name = Utils;
			sourceTree = "<group>";
		};
		617921EF1C872BEF00DE70F3 /* Obj-C */ = {
			isa = PBXGroup;
			children = (
				617921F21C872C5200DE70F3 /* Reachability.m */,
				617921F11C872C5200DE70F3 /* Reachability.h */,
				617921F01C872C5000DE70F3 /* MusicVideo-Bridging-Header.h */,
			);
			name = "Obj-C";
			sourceTree = "<group>";
		};
/* End PBXGroup section */

/* Begin PBXNativeTarget section */
		3D0697F41C84FC6500BC23B5 /* MusicVideo */ = {
			isa = PBXNativeTarget;
			buildConfigurationList = 3D06981D1C84FC6600BC23B5 /* Build configuration list for PBXNativeTarget "MusicVideo" */;
			buildPhases = (
				3D0697F11C84FC6500BC23B5 /* Sources */,
				3D0697F21C84FC6500BC23B5 /* Frameworks */,
				3D0697F31C84FC6500BC23B5 /* Resources */,
			);
			buildRules = (
			);
			dependencies = (
			);
			name = MusicVideo;
			productName = MusicVideo;
			productReference = 3D0697F51C84FC6500BC23B5 /* MusicVideo.app */;
			productType = "com.apple.product-type.application";
		};
		3D0698081C84FC6600BC23B5 /* MusicVideoTests */ = {
			isa = PBXNativeTarget;
			buildConfigurationList = 3D0698201C84FC6600BC23B5 /* Build configuration list for PBXNativeTarget "MusicVideoTests" */;
			buildPhases = (
				3D0698051C84FC6600BC23B5 /* Sources */,
				3D0698061C84FC6600BC23B5 /* Frameworks */,
				3D0698071C84FC6600BC23B5 /* Resources */,
			);
			buildRules = (
			);
			dependencies = (
				3D06980B1C84FC6600BC23B5 /* PBXTargetDependency */,
			);
			name = MusicVideoTests;
			productName = MusicVideoTests;
			productReference = 3D0698091C84FC6600BC23B5 /* MusicVideoTests.xctest */;
			productType = "com.apple.product-type.bundle.unit-test";
		};
		3D0698131C84FC6600BC23B5 /* MusicVideoUITests */ = {
			isa = PBXNativeTarget;
			buildConfigurationList = 3D0698231C84FC6600BC23B5 /* Build configuration list for PBXNativeTarget "MusicVideoUITests" */;
			buildPhases = (
				3D0698101C84FC6600BC23B5 /* Sources */,
				3D0698111C84FC6600BC23B5 /* Frameworks */,
				3D0698121C84FC6600BC23B5 /* Resources */,
			);
			buildRules = (
			);
			dependencies = (
				3D0698161C84FC6600BC23B5 /* PBXTargetDependency */,
			);
			name = MusicVideoUITests;
			productName = MusicVideoUITests;
			productReference = 3D0698141C84FC6600BC23B5 /* MusicVideoUITests.xctest */;
			productType = "com.apple.product-type.bundle.ui-testing";
		};
/* End PBXNativeTarget section */

/* Begin PBXProject section */
		3D0697ED1C84FC6500BC23B5 /* Project object */ = {
			isa = PBXProject;
			attributes = {
				LastSwiftUpdateCheck = 0720;
				LastUpgradeCheck = 0720;
				ORGANIZATIONNAME = TopForm;
				TargetAttributes = {
					3D0697F41C84FC6500BC23B5 = {
						CreatedOnToolsVersion = 7.2.1;
						DevelopmentTeam = H86LL4J35V;
					};
					3D0698081C84FC6600BC23B5 = {
						CreatedOnToolsVersion = 7.2.1;
						TestTargetID = 3D0697F41C84FC6500BC23B5;
					};
					3D0698131C84FC6600BC23B5 = {
						CreatedOnToolsVersion = 7.2.1;
						TestTargetID = 3D0697F41C84FC6500BC23B5;
					};
				};
			};
			buildConfigurationList = 3D0697F01C84FC6500BC23B5 /* Build configuration list for PBXProject "MusicVideo" */;
			compatibilityVersion = "Xcode 3.2";
			developmentRegion = English;
			hasScannedForEncodings = 0;
			knownRegions = (
				en,
				Base,
			);
			mainGroup = 3D0697EC1C84FC6500BC23B5;
			productRefGroup = 3D0697F61C84FC6500BC23B5 /* Products */;
			projectDirPath = "";
			projectRoot = "";
			targets = (
				3D0697F41C84FC6500BC23B5 /* MusicVideo */,
				3D0698081C84FC6600BC23B5 /* MusicVideoTests */,
				3D0698131C84FC6600BC23B5 /* MusicVideoUITests */,
			);
		};
/* End PBXProject section */

/* Begin PBXResourcesBuildPhase section */
		3D0697F31C84FC6500BC23B5 /* Resources */ = {
			isa = PBXResourcesBuildPhase;
			buildActionMask = 2147483647;
			files = (
				3D0698031C84FC6500BC23B5 /* LaunchScreen.storyboard in Resources */,
				3D0698001C84FC6500BC23B5 /* Assets.xcassets in Resources */,
				3D0697FE1C84FC6500BC23B5 /* Main.storyboard in Resources */,
			);
			runOnlyForDeploymentPostprocessing = 0;
		};
		3D0698071C84FC6600BC23B5 /* Resources */ = {
			isa = PBXResourcesBuildPhase;
			buildActionMask = 2147483647;
			files = (
			);
			runOnlyForDeploymentPostprocessing = 0;
		};
		3D0698121C84FC6600BC23B5 /* Resources */ = {
			isa = PBXResourcesBuildPhase;
			buildActionMask = 2147483647;
			files = (
			);
			runOnlyForDeploymentPostprocessing = 0;
		};
/* End PBXResourcesBuildPhase section */

/* Begin PBXSourcesBuildPhase section */
		3D0697F11C84FC6500BC23B5 /* Sources */ = {
			isa = PBXSourcesBuildPhase;
			buildActionMask = 2147483647;
			files = (
				3D06982B1C8508FF00BC23B5 /* APIManager.swift in Sources */,
				3D0697FB1C84FC6500BC23B5 /* ViewController.swift in Sources */,
				3D0697F91C84FC6500BC23B5 /* AppDelegate.swift in Sources */,
				3DE6DA4E1C86341B009797A6 /* Constants.swift in Sources */,
				617921F31C872C5200DE70F3 /* Reachability.m in Sources */,
				3DE6DA521C863A79009797A6 /* Video.swift in Sources */,
			);
			runOnlyForDeploymentPostprocessing = 0;
		};
		3D0698051C84FC6600BC23B5 /* Sources */ = {
			isa = PBXSourcesBuildPhase;
			buildActionMask = 2147483647;
			files = (
				3D06980E1C84FC6600BC23B5 /* MusicVideoTests.swift in Sources */,
			);
			runOnlyForDeploymentPostprocessing = 0;
		};
		3D0698101C84FC6600BC23B5 /* Sources */ = {
			isa = PBXSourcesBuildPhase;
			buildActionMask = 2147483647;
			files = (
				3D0698191C84FC6600BC23B5 /* MusicVideoUITests.swift in Sources */,
			);
			runOnlyForDeploymentPostprocessing = 0;
		};
/* End PBXSourcesBuildPhase section */

/* Begin PBXTargetDependency section */
		3D06980B1C84FC6600BC23B5 /* PBXTargetDependency */ = {
			isa = PBXTargetDependency;
			target = 3D0697F41C84FC6500BC23B5 /* MusicVideo */;
			targetProxy = 3D06980A1C84FC6600BC23B5 /* PBXContainerItemProxy */;
		};
		3D0698161C84FC6600BC23B5 /* PBXTargetDependency */ = {
			isa = PBXTargetDependency;
			target = 3D0697F41C84FC6500BC23B5 /* MusicVideo */;
			targetProxy = 3D0698151C84FC6600BC23B5 /* PBXContainerItemProxy */;
		};
/* End PBXTargetDependency section */

/* Begin PBXVariantGroup section */
		3D0697FC1C84FC6500BC23B5 /* Main.storyboard */ = {
			isa = PBXVariantGroup;
			children = (
				3D0697FD1C84FC6500BC23B5 /* Base */,
			);
			name = Main.storyboard;
			sourceTree = "<group>";
		};
		3D0698011C84FC6500BC23B5 /* LaunchScreen.storyboard */ = {
			isa = PBXVariantGroup;
			children = (
				3D0698021C84FC6500BC23B5 /* Base */,
			);
			name = LaunchScreen.storyboard;
			sourceTree = "<group>";
		};
/* End PBXVariantGroup section */

/* Begin XCBuildConfiguration section */
		3D06981B1C84FC6600BC23B5 /* Debug */ = {
			isa = XCBuildConfiguration;
			buildSettings = {
				ALWAYS_SEARCH_USER_PATHS = NO;
				CLANG_CXX_LANGUAGE_STANDARD = "gnu++0x";
				CLANG_CXX_LIBRARY = "libc++";
				CLANG_ENABLE_MODULES = YES;
				CLANG_ENABLE_OBJC_ARC = YES;
				CLANG_WARN_BOOL_CONVERSION = YES;
				CLANG_WARN_CONSTANT_CONVERSION = YES;
				CLANG_WARN_DIRECT_OBJC_ISA_USAGE = YES_ERROR;
				CLANG_WARN_EMPTY_BODY = YES;
				CLANG_WARN_ENUM_CONVERSION = YES;
				CLANG_WARN_INT_CONVERSION = YES;
				CLANG_WARN_OBJC_ROOT_CLASS = YES_ERROR;
				CLANG_WARN_UNREACHABLE_CODE = YES;
				CLANG_WARN__DUPLICATE_METHOD_MATCH = YES;
				"CODE_SIGN_IDENTITY[sdk=iphoneos*]" = "iPhone Developer";
				COPY_PHASE_STRIP = NO;
				DEBUG_INFORMATION_FORMAT = dwarf;
				ENABLE_STRICT_OBJC_MSGSEND = YES;
				ENABLE_TESTABILITY = YES;
				GCC_C_LANGUAGE_STANDARD = gnu99;
				GCC_DYNAMIC_NO_PIC = NO;
				GCC_NO_COMMON_BLOCKS = YES;
				GCC_OPTIMIZATION_LEVEL = 0;
				GCC_PREPROCESSOR_DEFINITIONS = (
					"DEBUG=1",
					"$(inherited)",
				);
				GCC_WARN_64_TO_32_BIT_CONVERSION = YES;
				GCC_WARN_ABOUT_RETURN_TYPE = YES_ERROR;
				GCC_WARN_UNDECLARED_SELECTOR = YES;
				GCC_WARN_UNINITIALIZED_AUTOS = YES_AGGRESSIVE;
				GCC_WARN_UNUSED_FUNCTION = YES;
				GCC_WARN_UNUSED_VARIABLE = YES;
				IPHONEOS_DEPLOYMENT_TARGET = 9.2;
				MTL_ENABLE_DEBUG_INFO = YES;
				ONLY_ACTIVE_ARCH = YES;
				SDKROOT = iphoneos;
				SWIFT_OPTIMIZATION_LEVEL = "-Onone";
				TARGETED_DEVICE_FAMILY = "1,2";
			};
			name = Debug;
		};
		3D06981C1C84FC6600BC23B5 /* Release */ = {
			isa = XCBuildConfiguration;
			buildSettings = {
				ALWAYS_SEARCH_USER_PATHS = NO;
				CLANG_CXX_LANGUAGE_STANDARD = "gnu++0x";
				CLANG_CXX_LIBRARY = "libc++";
				CLANG_ENABLE_MODULES = YES;
				CLANG_ENABLE_OBJC_ARC = YES;
				CLANG_WARN_BOOL_CONVERSION = YES;
				CLANG_WARN_CONSTANT_CONVERSION = YES;
				CLANG_WARN_DIRECT_OBJC_ISA_USAGE = YES_ERROR;
				CLANG_WARN_EMPTY_BODY = YES;
				CLANG_WARN_ENUM_CONVERSION = YES;
				CLANG_WARN_INT_CONVERSION = YES;
				CLANG_WARN_OBJC_ROOT_CLASS = YES_ERROR;
				CLANG_WARN_UNREACHABLE_CODE = YES;
				CLANG_WARN__DUPLICATE_METHOD_MATCH = YES;
				"CODE_SIGN_IDENTITY[sdk=iphoneos*]" = "iPhone Developer";
				COPY_PHASE_STRIP = NO;
				DEBUG_INFORMATION_FORMAT = "dwarf-with-dsym";
				ENABLE_NS_ASSERTIONS = NO;
				ENABLE_STRICT_OBJC_MSGSEND = YES;
				GCC_C_LANGUAGE_STANDARD = gnu99;
				GCC_NO_COMMON_BLOCKS = YES;
				GCC_WARN_64_TO_32_BIT_CONVERSION = YES;
				GCC_WARN_ABOUT_RETURN_TYPE = YES_ERROR;
				GCC_WARN_UNDECLARED_SELECTOR = YES;
				GCC_WARN_UNINITIALIZED_AUTOS = YES_AGGRESSIVE;
				GCC_WARN_UNUSED_FUNCTION = YES;
				GCC_WARN_UNUSED_VARIABLE = YES;
				IPHONEOS_DEPLOYMENT_TARGET = 9.2;
				MTL_ENABLE_DEBUG_INFO = NO;
				SDKROOT = iphoneos;
				TARGETED_DEVICE_FAMILY = "1,2";
				VALIDATE_PRODUCT = YES;
			};
			name = Release;
		};
		3D06981E1C84FC6600BC23B5 /* Debug */ = {
			isa = XCBuildConfiguration;
			buildSettings = {
				ASSETCATALOG_COMPILER_APPICON_NAME = AppIcon;
				CLANG_ENABLE_MODULES = YES;
				CODE_SIGN_IDENTITY = "iPhone Developer";
				"CODE_SIGN_IDENTITY[sdk=iphoneos*]" = "iPhone Developer";
				INFOPLIST_FILE = MusicVideo/Info.plist;
				LD_RUNPATH_SEARCH_PATHS = "$(inherited) @executable_path/Frameworks";
				PRODUCT_BUNDLE_IDENTIFIER = TopForm.MusicVideo;
				PRODUCT_NAME = "$(TARGET_NAME)";
				PROVISIONING_PROFILE = "";
				SWIFT_OBJC_BRIDGING_HEADER = "MusicVideo-Bridging-Header.h";
				SWIFT_OPTIMIZATION_LEVEL = "-Onone";
			};
			name = Debug;
		};
		3D06981F1C84FC6600BC23B5 /* Release */ = {
			isa = XCBuildConfiguration;
			buildSettings = {
				ASSETCATALOG_COMPILER_APPICON_NAME = AppIcon;
				CLANG_ENABLE_MODULES = YES;
				CODE_SIGN_IDENTITY = "iPhone Developer";
				"CODE_SIGN_IDENTITY[sdk=iphoneos*]" = "iPhone Developer";
				INFOPLIST_FILE = MusicVideo/Info.plist;
				LD_RUNPATH_SEARCH_PATHS = "$(inherited) @executable_path/Frameworks";
				PRODUCT_BUNDLE_IDENTIFIER = TopForm.MusicVideo;
				PRODUCT_NAME = "$(TARGET_NAME)";
				PROVISIONING_PROFILE = "";
				SWIFT_OBJC_BRIDGING_HEADER = "MusicVideo-Bridging-Header.h";
			};
			name = Release;
		};
		3D0698211C84FC6600BC23B5 /* Debug */ = {
			isa = XCBuildConfiguration;
			buildSettings = {
				BUNDLE_LOADER = "$(TEST_HOST)";
				INFOPLIST_FILE = MusicVideoTests/Info.plist;
				LD_RUNPATH_SEARCH_PATHS = "$(inherited) @executable_path/Frameworks @loader_path/Frameworks";
				PRODUCT_BUNDLE_IDENTIFIER = TopForm.MusicVideoTests;
				PRODUCT_NAME = "$(TARGET_NAME)";
				TEST_HOST = "$(BUILT_PRODUCTS_DIR)/MusicVideo.app/MusicVideo";
			};
			name = Debug;
		};
		3D0698221C84FC6600BC23B5 /* Release */ = {
			isa = XCBuildConfiguration;
			buildSettings = {
				BUNDLE_LOADER = "$(TEST_HOST)";
				INFOPLIST_FILE = MusicVideoTests/Info.plist;
				LD_RUNPATH_SEARCH_PATHS = "$(inherited) @executable_path/Frameworks @loader_path/Frameworks";
				PRODUCT_BUNDLE_IDENTIFIER = TopForm.MusicVideoTests;
				PRODUCT_NAME = "$(TARGET_NAME)";
				TEST_HOST = "$(BUILT_PRODUCTS_DIR)/MusicVideo.app/MusicVideo";
			};
			name = Release;
		};
		3D0698241C84FC6600BC23B5 /* Debug */ = {
			isa = XCBuildConfiguration;
			buildSettings = {
				INFOPLIST_FILE = MusicVideoUITests/Info.plist;
				LD_RUNPATH_SEARCH_PATHS = "$(inherited) @executable_path/Frameworks @loader_path/Frameworks";
				PRODUCT_BUNDLE_IDENTIFIER = TopForm.MusicVideoUITests;
				PRODUCT_NAME = "$(TARGET_NAME)";
				TEST_TARGET_NAME = MusicVideo;
				USES_XCTRUNNER = YES;
			};
			name = Debug;
		};
		3D0698251C84FC6600BC23B5 /* Release */ = {
			isa = XCBuildConfiguration;
			buildSettings = {
				INFOPLIST_FILE = MusicVideoUITests/Info.plist;
				LD_RUNPATH_SEARCH_PATHS = "$(inherited) @executable_path/Frameworks @loader_path/Frameworks";
				PRODUCT_BUNDLE_IDENTIFIER = TopForm.MusicVideoUITests;
				PRODUCT_NAME = "$(TARGET_NAME)";
				TEST_TARGET_NAME = MusicVideo;
				USES_XCTRUNNER = YES;
			};
			name = Release;
		};
/* End XCBuildConfiguration section */

/* Begin XCConfigurationList section */
		3D0697F01C84FC6500BC23B5 /* Build configuration list for PBXProject "MusicVideo" */ = {
			isa = XCConfigurationList;
			buildConfigurations = (
				3D06981B1C84FC6600BC23B5 /* Debug */,
				3D06981C1C84FC6600BC23B5 /* Release */,
			);
			defaultConfigurationIsVisible = 0;
			defaultConfigurationName = Release;
		};
		3D06981D1C84FC6600BC23B5 /* Build configuration list for PBXNativeTarget "MusicVideo" */ = {
			isa = XCConfigurationList;
			buildConfigurations = (
				3D06981E1C84FC6600BC23B5 /* Debug */,
				3D06981F1C84FC6600BC23B5 /* Release */,
			);
			defaultConfigurationIsVisible = 0;
			defaultConfigurationName = Release;
		};
		3D0698201C84FC6600BC23B5 /* Build configuration list for PBXNativeTarget "MusicVideoTests" */ = {
			isa = XCConfigurationList;
			buildConfigurations = (
				3D0698211C84FC6600BC23B5 /* Debug */,
				3D0698221C84FC6600BC23B5 /* Release */,
			);
			defaultConfigurationIsVisible = 0;
			defaultConfigurationName = Release;
		};
		3D0698231C84FC6600BC23B5 /* Build configuration list for PBXNativeTarget "MusicVideoUITests" */ = {
			isa = XCConfigurationList;
			buildConfigurations = (
				3D0698241C84FC6600BC23B5 /* Debug */,
				3D0698251C84FC6600BC23B5 /* Release */,
			);
			defaultConfigurationIsVisible = 0;
			defaultConfigurationName = Release;
		};
/* End XCConfigurationList section */
	};
	rootObject = 3D0697ED1C84FC6500BC23B5 /* Project object */;
}
